
Microsoft Visual Studio Solution File, Format Version 12.00
# Visual Studio Version 17
VisualStudioVersion = 17.8.34511.84
MinimumVisualStudioVersion = 10.0.40219.1
Project("{FAE04EC0-301F-11D3-BF4B-00C04F79EFBC}") = "TallerPractica", "TallerPractica\TallerPractica.csproj", "{B26AF910-68CF-4DD3-9A1E-1818866CEFCE}"
EndProject
Global
	GlobalSection(SolutionConfigurationPlatforms) = preSolution
		Debug|Any CPU = Debug|Any CPU
		Release|Any CPU = Release|Any CPU
	EndGlobalSection
	GlobalSection(ProjectConfigurationPlatforms) = postSolution
		{B26AF910-68CF-4DD3-9A1E-1818866CEFCE}.Debug|Any CPU.ActiveCfg = Debug|Any CPU
		{B26AF910-68CF-4DD3-9A1E-1818866CEFCE}.Debug|Any CPU.Build.0 = Debug|Any CPU
		{B26AF910-68CF-4DD3-9A1E-1818866CEFCE}.Release|Any CPU.ActiveCfg = Release|Any CPU
		{B26AF910-68CF-4DD3-9A1E-1818866CEFCE}.Release|Any CPU.Build.0 = Release|Any CPU
	EndGlobalSection
	GlobalSection(SolutionProperties) = preSolution
		HideSolutionNode = FALSE
	EndGlobalSection
	GlobalSection(ExtensibilityGlobals) = postSolution
		SolutionGuid = {259113D8-CAB6-4D03-8132-6A7B7ECAA659}
	EndGlobalSection
EndGlobal
